
Microsoft Visual Studio Solution File, Format Version 11.00
# Visual Studio 2010
Project("{8BC9CEB8-8B4A-11D0-8D11-00A0C91BC942}") = "graf_mgr", "graf_mgr\graf_mgr.vcxproj", "{0EF68ED8-2E5C-4548-9353-E4DE24F936CC}"
EndProject
Global
	GlobalSection(SolutionConfigurationPlatforms) = preSolution
		Debug|Win32 = Debug|Win32
		Release|Win32 = Release|Win32
	EndGlobalSection
	GlobalSection(ProjectConfigurationPlatforms) = postSolution
		{0EF68ED8-2E5C-4548-9353-E4DE24F936CC}.Debug|Win32.ActiveCfg = Debug|Win32
		{0EF68ED8-2E5C-4548-9353-E4DE24F936CC}.Debug|Win32.Build.0 = Debug|Win32
		{0EF68ED8-2E5C-4548-9353-E4DE24F936CC}.Release|Win32.ActiveCfg = Release|Win32
		{0EF68ED8-2E5C-4548-9353-E4DE24F936CC}.Release|Win32.Build.0 = Release|Win32
	EndGlobalSection
	GlobalSection(SolutionProperties) = preSolution
		HideSolutionNode = FALSE
	EndGlobalSection
EndGlobal
